
Microsoft Visual Studio Solution File, Format Version 12.00
# Visual Studio Version 17
VisualStudioVersion = 17.13.35825.156 d17.13
MinimumVisualStudioVersion = 10.0.40219.1
Project("{FAE04EC0-301F-11D3-BF4B-00C04F79EFBC}") = "Uchebka", "Uchebka\Uchebka.csproj", "{4F5A9ADB-D05E-4820-ABEF-C0DE0366A260}"
EndProject
Global
	GlobalSection(SolutionConfigurationPlatforms) = preSolution
		Debug|Any CPU = Debug|Any CPU
		Release|Any CPU = Release|Any CPU
	EndGlobalSection
	GlobalSection(ProjectConfigurationPlatforms) = postSolution
		{4F5A9ADB-D05E-4820-ABEF-C0DE0366A260}.Debug|Any CPU.ActiveCfg = Debug|Any CPU
		{4F5A9ADB-D05E-4820-ABEF-C0DE0366A260}.Debug|Any CPU.Build.0 = Debug|Any CPU
		{4F5A9ADB-D05E-4820-ABEF-C0DE0366A260}.Release|Any CPU.ActiveCfg = Release|Any CPU
		{4F5A9ADB-D05E-4820-ABEF-C0DE0366A260}.Release|Any CPU.Build.0 = Release|Any CPU
	EndGlobalSection
	GlobalSection(SolutionProperties) = preSolution
		HideSolutionNode = FALSE
	EndGlobalSection
	GlobalSection(ExtensibilityGlobals) = postSolution
		SolutionGuid = {5F6CE108-9C35-4DD9-91F8-0163D270744F}
	EndGlobalSection
EndGlobal
